<?xml version="1.0" encoding="utf-8"?>
<Project ToolsVersion="17.0" xmlns="http://schemas.microsoft.com/developer/msbuild/2003">
  <ItemGroup>
    <CustomBuild Include="C:\Users\jmuzy\OneDrive\Desktop\Projects\Chess\builds\CMakeFiles\81070d90e9aa0c8b7f5439e02921367a\generate.stamp.rule">
      <Filter>CMake Rules</Filter>
    </CustomBuild>
  </ItemGroup>
  <ItemGroup>
    <Filter Include="CMake Rules">
      <UniqueIdentifier>{8D3109E2-6DC7-38B1-9951-F7E2574140E2}</UniqueIdentifier>
    </Filter>
  </ItemGroup>
</Project>
